PODS:
  - Alamofire (4.8.1)
  - Kingfisher (5.0.0)

DEPENDENCIES:
  - Alamofire
  - Kingfisher (= 5.0.0)

SPEC CHECKSUMS:
  Alamofire: 16ce2c353fb72865124ddae8a57c5942388f4f11
  Kingfisher: 2b0dd651e4fe5a07305b8242fde56f8e2d410f58

PODFILE CHECKSUM: 24b21462f06b78cc8128a91604d5902990956b4d

COCOAPODS: 1.4.0
